
Microsoft Visual Studio Solution File, Format Version 12.00
# Visual Studio Version 17
VisualStudioVersion = 17.1.32228.430
MinimumVisualStudioVersion = 10.0.40219.1
Project("{FAE04EC0-301F-11D3-BF4B-00C04F79EFBC}") = "MultiCoreApp.API", "MultiCoreApp.API\MultiCoreApp.API.csproj", "{DFFE5C60-E466-4E28-BBB6-E5056131B23F}"
EndProject
Project("{FAE04EC0-301F-11D3-BF4B-00C04F79EFBC}") = "MultiCoreApp.Core", "MultiCoreApp.Core\MultiCoreApp.Core.csproj", "{40C302D8-49B4-462E-8C8C-ED6AE5F82899}"
EndProject
Project("{FAE04EC0-301F-11D3-BF4B-00C04F79EFBC}") = "MultiCoreApp.DataAccessLayer", "MultiCoreApp.DataAccessLayer\MultiCoreApp.DataAccessLayer.csproj", "{8A89D5CD-8DD0-4FF6-B0CF-750805BC0833}"
EndProject
Project("{FAE04EC0-301F-11D3-BF4B-00C04F79EFBC}") = "MultiCoreApp.Service", "MultiCoreApp.Service\MultiCoreApp.Service.csproj", "{E0BF48BD-5D05-43EA-AF95-51338F385AA5}"
EndProject
Project("{FAE04EC0-301F-11D3-BF4B-00C04F79EFBC}") = "MultiCoreApp.MVC", "MultiCoreApp.MVC\MultiCoreApp.MVC.csproj", "{2981D11B-77AA-4D45-ABAB-EF17BE3AD89D}"
EndProject
Global
	GlobalSection(SolutionConfigurationPlatforms) = preSolution
		Debug|Any CPU = Debug|Any CPU
		Release|Any CPU = Release|Any CPU
	EndGlobalSection
	GlobalSection(ProjectConfigurationPlatforms) = postSolution
		{DFFE5C60-E466-4E28-BBB6-E5056131B23F}.Debug|Any CPU.ActiveCfg = Debug|Any CPU
		{DFFE5C60-E466-4E28-BBB6-E5056131B23F}.Debug|Any CPU.Build.0 = Debug|Any CPU
		{DFFE5C60-E466-4E28-BBB6-E5056131B23F}.Release|Any CPU.ActiveCfg = Release|Any CPU
		{DFFE5C60-E466-4E28-BBB6-E5056131B23F}.Release|Any CPU.Build.0 = Release|Any CPU
		{40C302D8-49B4-462E-8C8C-ED6AE5F82899}.Debug|Any CPU.ActiveCfg = Debug|Any CPU
		{40C302D8-49B4-462E-8C8C-ED6AE5F82899}.Debug|Any CPU.Build.0 = Debug|Any CPU
		{40C302D8-49B4-462E-8C8C-ED6AE5F82899}.Release|Any CPU.ActiveCfg = Release|Any CPU
		{40C302D8-49B4-462E-8C8C-ED6AE5F82899}.Release|Any CPU.Build.0 = Release|Any CPU
		{8A89D5CD-8DD0-4FF6-B0CF-750805BC0833}.Debug|Any CPU.ActiveCfg = Debug|Any CPU
		{8A89D5CD-8DD0-4FF6-B0CF-750805BC0833}.Debug|Any CPU.Build.0 = Debug|Any CPU
		{8A89D5CD-8DD0-4FF6-B0CF-750805BC0833}.Release|Any CPU.ActiveCfg = Release|Any CPU
		{8A89D5CD-8DD0-4FF6-B0CF-750805BC0833}.Release|Any CPU.Build.0 = Release|Any CPU
		{E0BF48BD-5D05-43EA-AF95-51338F385AA5}.Debug|Any CPU.ActiveCfg = Debug|Any CPU
		{E0BF48BD-5D05-43EA-AF95-51338F385AA5}.Debug|Any CPU.Build.0 = Debug|Any CPU
		{E0BF48BD-5D05-43EA-AF95-51338F385AA5}.Release|Any CPU.ActiveCfg = Release|Any CPU
		{E0BF48BD-5D05-43EA-AF95-51338F385AA5}.Release|Any CPU.Build.0 = Release|Any CPU
		{2981D11B-77AA-4D45-ABAB-EF17BE3AD89D}.Debug|Any CPU.ActiveCfg = Debug|Any CPU
		{2981D11B-77AA-4D45-ABAB-EF17BE3AD89D}.Debug|Any CPU.Build.0 = Debug|Any CPU
		{2981D11B-77AA-4D45-ABAB-EF17BE3AD89D}.Release|Any CPU.ActiveCfg = Release|Any CPU
		{2981D11B-77AA-4D45-ABAB-EF17BE3AD89D}.Release|Any CPU.Build.0 = Release|Any CPU
	EndGlobalSection
	GlobalSection(SolutionProperties) = preSolution
		HideSolutionNode = FALSE
	EndGlobalSection
	GlobalSection(ExtensibilityGlobals) = postSolution
		SolutionGuid = {0AEA3728-428D-497D-8BAD-CB256E9E4CE1}
	EndGlobalSection
EndGlobal
